
Microsoft Visual Studio Solution File, Format Version 12.00
# Visual Studio Version 16
VisualStudioVersion = 16.0.31112.23
MinimumVisualStudioVersion = 10.0.40219.1
Project("{FAE04EC0-301F-11D3-BF4B-00C04F79EFBC}") = "RegistrationForm", "RegistrationForm.csproj", "{A701C217-F6FB-4C1C-A9A1-48B9FEB3B101}"
EndProject
Global
	GlobalSection(SolutionConfigurationPlatforms) = preSolution
		Debug|Any CPU = Debug|Any CPU
		Release|Any CPU = Release|Any CPU
	EndGlobalSection
	GlobalSection(ProjectConfigurationPlatforms) = postSolution
		{A701C217-F6FB-4C1C-A9A1-48B9FEB3B101}.Debug|Any CPU.ActiveCfg = Debug|Any CPU
		{A701C217-F6FB-4C1C-A9A1-48B9FEB3B101}.Debug|Any CPU.Build.0 = Debug|Any CPU
		{A701C217-F6FB-4C1C-A9A1-48B9FEB3B101}.Release|Any CPU.ActiveCfg = Release|Any CPU
		{A701C217-F6FB-4C1C-A9A1-48B9FEB3B101}.Release|Any CPU.Build.0 = Release|Any CPU
	EndGlobalSection
	GlobalSection(SolutionProperties) = preSolution
		HideSolutionNode = FALSE
	EndGlobalSection
	GlobalSection(ExtensibilityGlobals) = postSolution
		SolutionGuid = {9E5CB7B2-572C-4DFC-921D-BE4547F24E5B}
	EndGlobalSection
EndGlobal
