
Microsoft Visual Studio Solution File, Format Version 12.00
# Visual Studio Version 16
VisualStudioVersion = 16.0.31112.23
MinimumVisualStudioVersion = 10.0.40219.1
Project("{FAE04EC0-301F-11D3-BF4B-00C04F79EFBC}") = "TempConversion", "TempConversion.csproj", "{74A56F85-60E9-4D6F-9D18-CAB297FBF033}"
EndProject
Global
	GlobalSection(SolutionConfigurationPlatforms) = preSolution
		Debug|Any CPU = Debug|Any CPU
		Release|Any CPU = Release|Any CPU
	EndGlobalSection
	GlobalSection(ProjectConfigurationPlatforms) = postSolution
		{74A56F85-60E9-4D6F-9D18-CAB297FBF033}.Debug|Any CPU.ActiveCfg = Debug|Any CPU
		{74A56F85-60E9-4D6F-9D18-CAB297FBF033}.Debug|Any CPU.Build.0 = Debug|Any CPU
		{74A56F85-60E9-4D6F-9D18-CAB297FBF033}.Release|Any CPU.ActiveCfg = Release|Any CPU
		{74A56F85-60E9-4D6F-9D18-CAB297FBF033}.Release|Any CPU.Build.0 = Release|Any CPU
	EndGlobalSection
	GlobalSection(SolutionProperties) = preSolution
		HideSolutionNode = FALSE
	EndGlobalSection
	GlobalSection(ExtensibilityGlobals) = postSolution
		SolutionGuid = {85171A02-4682-4659-9AE7-EA5689A3DD7A}
	EndGlobalSection
EndGlobal
