
Microsoft Visual Studio Solution File, Format Version 12.00
# Visual Studio Version 16
VisualStudioVersion = 16.0.31112.23
MinimumVisualStudioVersion = 10.0.40219.1
Project("{FAE04EC0-301F-11D3-BF4B-00C04F79EFBC}") = "ChessBoardConsoleApp", "ChessBoardConsoleApp.csproj", "{47D55D7F-DF44-4B5B-9691-81154EA6C87C}"
EndProject
Project("{FAE04EC0-301F-11D3-BF4B-00C04F79EFBC}") = "ChessBoardModel", "..\ChessBoardModel\ChessBoardModel.csproj", "{883D86DB-61BC-4899-956B-A573907FE56F}"
EndProject
Global
	GlobalSection(SolutionConfigurationPlatforms) = preSolution
		Debug|Any CPU = Debug|Any CPU
		Release|Any CPU = Release|Any CPU
	EndGlobalSection
	GlobalSection(ProjectConfigurationPlatforms) = postSolution
		{47D55D7F-DF44-4B5B-9691-81154EA6C87C}.Debug|Any CPU.ActiveCfg = Debug|Any CPU
		{47D55D7F-DF44-4B5B-9691-81154EA6C87C}.Debug|Any CPU.Build.0 = Debug|Any CPU
		{47D55D7F-DF44-4B5B-9691-81154EA6C87C}.Release|Any CPU.ActiveCfg = Release|Any CPU
		{47D55D7F-DF44-4B5B-9691-81154EA6C87C}.Release|Any CPU.Build.0 = Release|Any CPU
		{883D86DB-61BC-4899-956B-A573907FE56F}.Debug|Any CPU.ActiveCfg = Debug|Any CPU
		{883D86DB-61BC-4899-956B-A573907FE56F}.Debug|Any CPU.Build.0 = Debug|Any CPU
		{883D86DB-61BC-4899-956B-A573907FE56F}.Release|Any CPU.ActiveCfg = Release|Any CPU
		{883D86DB-61BC-4899-956B-A573907FE56F}.Release|Any CPU.Build.0 = Release|Any CPU
	EndGlobalSection
	GlobalSection(SolutionProperties) = preSolution
		HideSolutionNode = FALSE
	EndGlobalSection
	GlobalSection(ExtensibilityGlobals) = postSolution
		SolutionGuid = {5CDEE2BB-BE7A-49E0-86DE-F5CEE1C9C481}
	EndGlobalSection
EndGlobal
