
Microsoft Visual Studio Solution File, Format Version 12.00
# Visual Studio Version 16
VisualStudioVersion = 16.0.31105.61
MinimumVisualStudioVersion = 10.0.40219.1
Project("{FAE04EC0-301F-11D3-BF4B-00C04F79EFBC}") = "ConsoleApp1", "ConsoleApp1\ConsoleApp1.csproj", "{A923FA0B-53AF-443A-8B78-36B86FEB6B2B}"
EndProject
Global
	GlobalSection(SolutionConfigurationPlatforms) = preSolution
		Debug|Any CPU = Debug|Any CPU
		Release|Any CPU = Release|Any CPU
	EndGlobalSection
	GlobalSection(ProjectConfigurationPlatforms) = postSolution
		{A923FA0B-53AF-443A-8B78-36B86FEB6B2B}.Debug|Any CPU.ActiveCfg = Debug|Any CPU
		{A923FA0B-53AF-443A-8B78-36B86FEB6B2B}.Debug|Any CPU.Build.0 = Debug|Any CPU
		{A923FA0B-53AF-443A-8B78-36B86FEB6B2B}.Release|Any CPU.ActiveCfg = Release|Any CPU
		{A923FA0B-53AF-443A-8B78-36B86FEB6B2B}.Release|Any CPU.Build.0 = Release|Any CPU
	EndGlobalSection
	GlobalSection(SolutionProperties) = preSolution
		HideSolutionNode = FALSE
	EndGlobalSection
	GlobalSection(ExtensibilityGlobals) = postSolution
		SolutionGuid = {4896BC98-A5C6-4C39-AEE1-F5D4E9857E96}
	EndGlobalSection
EndGlobal
